
Microsoft Visual Studio Solution File, Format Version 12.00
# Visual Studio Version 16
VisualStudioVersion = 16.0.33927.289
MinimumVisualStudioVersion = 10.0.40219.1
Project("{8BC9CEB8-8B4A-11D0-8D11-00A0C91BC942}") = "HlsServer", "HlsServer\HlsServer.vcxproj", "{FAC54EC0-9897-44DD-9778-3E93B0B71A5F}"
	ProjectSection(ProjectDependencies) = postProject
		{1FF7BD75-0FC6-4C79-BFD3-5CF321B0F361} = {1FF7BD75-0FC6-4C79-BFD3-5CF321B0F361}
		{E2A9E7E1-99E1-4178-8068-180F97054C43} = {E2A9E7E1-99E1-4178-8068-180F97054C43}
	EndProjectSection
EndProject
Project("{8BC9CEB8-8B4A-11D0-8D11-00A0C91BC942}") = "libmedia", "..\..\..\src\ThirdSrc\media\prj\win\libmedia\libmedia\libmedia.vcxproj", "{E2A9E7E1-99E1-4178-8068-180F97054C43}"
EndProject
Project("{8BC9CEB8-8B4A-11D0-8D11-00A0C91BC942}") = "libHlsServer", "..\libHlsServer\libHlsServer\libHlsServer.vcxproj", "{1FF7BD75-0FC6-4C79-BFD3-5CF321B0F361}"
EndProject
Global
	GlobalSection(SolutionConfigurationPlatforms) = preSolution
		Debug|x64 = Debug|x64
		Debug|x86 = Debug|x86
		Release|x64 = Release|x64
		Release|x86 = Release|x86
	EndGlobalSection
	GlobalSection(ProjectConfigurationPlatforms) = postSolution
		{FAC54EC0-9897-44DD-9778-3E93B0B71A5F}.Debug|x64.ActiveCfg = Debug|x64
		{FAC54EC0-9897-44DD-9778-3E93B0B71A5F}.Debug|x64.Build.0 = Debug|x64
		{FAC54EC0-9897-44DD-9778-3E93B0B71A5F}.Debug|x86.ActiveCfg = Debug|Win32
		{FAC54EC0-9897-44DD-9778-3E93B0B71A5F}.Debug|x86.Build.0 = Debug|Win32
		{FAC54EC0-9897-44DD-9778-3E93B0B71A5F}.Release|x64.ActiveCfg = Release|x64
		{FAC54EC0-9897-44DD-9778-3E93B0B71A5F}.Release|x64.Build.0 = Release|x64
		{FAC54EC0-9897-44DD-9778-3E93B0B71A5F}.Release|x86.ActiveCfg = Release|Win32
		{FAC54EC0-9897-44DD-9778-3E93B0B71A5F}.Release|x86.Build.0 = Release|Win32
		{E2A9E7E1-99E1-4178-8068-180F97054C43}.Debug|x64.ActiveCfg = Debug|x64
		{E2A9E7E1-99E1-4178-8068-180F97054C43}.Debug|x64.Build.0 = Debug|x64
		{E2A9E7E1-99E1-4178-8068-180F97054C43}.Debug|x86.ActiveCfg = Debug|Win32
		{E2A9E7E1-99E1-4178-8068-180F97054C43}.Debug|x86.Build.0 = Debug|Win32
		{E2A9E7E1-99E1-4178-8068-180F97054C43}.Release|x64.ActiveCfg = Release|x64
		{E2A9E7E1-99E1-4178-8068-180F97054C43}.Release|x64.Build.0 = Release|x64
		{E2A9E7E1-99E1-4178-8068-180F97054C43}.Release|x86.ActiveCfg = Release|Win32
		{E2A9E7E1-99E1-4178-8068-180F97054C43}.Release|x86.Build.0 = Release|Win32
		{1FF7BD75-0FC6-4C79-BFD3-5CF321B0F361}.Debug|x64.ActiveCfg = Debug|x64
		{1FF7BD75-0FC6-4C79-BFD3-5CF321B0F361}.Debug|x64.Build.0 = Debug|x64
		{1FF7BD75-0FC6-4C79-BFD3-5CF321B0F361}.Debug|x86.ActiveCfg = Debug|Win32
		{1FF7BD75-0FC6-4C79-BFD3-5CF321B0F361}.Debug|x86.Build.0 = Debug|Win32
		{1FF7BD75-0FC6-4C79-BFD3-5CF321B0F361}.Release|x64.ActiveCfg = Release|x64
		{1FF7BD75-0FC6-4C79-BFD3-5CF321B0F361}.Release|x64.Build.0 = Release|x64
		{1FF7BD75-0FC6-4C79-BFD3-5CF321B0F361}.Release|x86.ActiveCfg = Release|Win32
		{1FF7BD75-0FC6-4C79-BFD3-5CF321B0F361}.Release|x86.Build.0 = Release|Win32
	EndGlobalSection
	GlobalSection(SolutionProperties) = preSolution
		HideSolutionNode = FALSE
	EndGlobalSection
	GlobalSection(ExtensibilityGlobals) = postSolution
		SolutionGuid = {FB845D41-6DF8-4689-9932-241B280B561D}
	EndGlobalSection
EndGlobal
